
Microsoft Visual Studio Solution File, Format Version 12.00
# Visual Studio Version 16
VisualStudioVersion = 16.0.29709.97
MinimumVisualStudioVersion = 10.0.40219.1
Project("{FAE04EC0-301F-11D3-BF4B-00C04F79EFBC}") = "TimeTrackingApp", "TimeTrackingApp\TimeTrackingApp.csproj", "{A88A74F3-EE94-4225-802D-EA1CEC02A165}"
EndProject
Global
	GlobalSection(SolutionConfigurationPlatforms) = preSolution
		Debug|Any CPU = Debug|Any CPU
		Release|Any CPU = Release|Any CPU
	EndGlobalSection
	GlobalSection(ProjectConfigurationPlatforms) = postSolution
		{A88A74F3-EE94-4225-802D-EA1CEC02A165}.Debug|Any CPU.ActiveCfg = Debug|Any CPU
		{A88A74F3-EE94-4225-802D-EA1CEC02A165}.Debug|Any CPU.Build.0 = Debug|Any CPU
		{A88A74F3-EE94-4225-802D-EA1CEC02A165}.Release|Any CPU.ActiveCfg = Release|Any CPU
		{A88A74F3-EE94-4225-802D-EA1CEC02A165}.Release|Any CPU.Build.0 = Release|Any CPU
	EndGlobalSection
	GlobalSection(SolutionProperties) = preSolution
		HideSolutionNode = FALSE
	EndGlobalSection
	GlobalSection(ExtensibilityGlobals) = postSolution
		SolutionGuid = {AE5516A1-47E1-440B-A122-7721FBE98DED}
	EndGlobalSection
EndGlobal
